<?xml version="1.0" encoding="utf-8"?>
<Project ToolsVersion="4.0" xmlns="http://schemas.microsoft.com/developer/msbuild/2003">
  <ItemGroup>
    <ClCompile Include="DirectX11.cpp" />
    <ClCompile Include="GameObject.cpp">
      <Filter>GameObject</Filter>
    </ClCompile>
    <ClCompile Include="ObRect.cpp">
      <Filter>GameObject</Filter>
    </ClCompile>
    <ClCompile Include="ObStar.cpp">
      <Filter>GameObject</Filter>
    </ClCompile>
    <ClCompile Include="ObCircle.cpp">
      <Filter>GameObject</Filter>
    </ClCompile>
    <ClCompile Include="Type.cpp">
      <Filter>System</Filter>
    </ClCompile>
    <ClCompile Include="MainGame.cpp" />
    <ClCompile Include="Input.cpp">
      <Filter>System</Filter>
    </ClCompile>
    <ClCompile Include="Timer.cpp">
      <Filter>System</Filter>
    </ClCompile>
  </ItemGroup>
  <ItemGroup>
    <ClInclude Include="framework.h" />
    <ClInclude Include="GameObject.h">
      <Filter>GameObject</Filter>
    </ClInclude>
    <ClInclude Include="SimpleMath.h" />
    <ClInclude Include="ObRect.h">
      <Filter>GameObject</Filter>
    </ClInclude>
    <ClInclude Include="ObStar.h">
      <Filter>GameObject</Filter>
    </ClInclude>
    <ClInclude Include="ObCircle.h">
      <Filter>GameObject</Filter>
    </ClInclude>
    <ClInclude Include="Type.h">
      <Filter>System</Filter>
    </ClInclude>
    <ClInclude Include="MainGame.h" />
    <ClInclude Include="Input.h">
      <Filter>System</Filter>
    </ClInclude>
    <ClInclude Include="Timer.h">
      <Filter>System</Filter>
    </ClInclude>
  </ItemGroup>
  <ItemGroup>
    <Text Include="좌표 해상도.txt" />
    <Text Include="삼각함수.txt" />
  </ItemGroup>
  <ItemGroup>
    <Filter Include="GameObject">
      <UniqueIdentifier>{856f93e4-1e6b-463a-b9a0-b9e0cd02bf17}</UniqueIdentifier>
    </Filter>
    <Filter Include="System">
      <UniqueIdentifier>{6067220f-e8a9-4553-98b7-5ea7158067ba}</UniqueIdentifier>
    </Filter>
  </ItemGroup>
  <ItemGroup>
    <None Include="SimpleMath.inl" />
  </ItemGroup>
</Project>